
Microsoft Visual Studio Solution File, Format Version 12.00
# Visual Studio Version 17
VisualStudioVersion = 17.4.33122.133
MinimumVisualStudioVersion = 10.0.40219.1
Project("{FAE04EC0-301F-11D3-BF4B-00C04F79EFBC}") = "SalesWebMvc", "SalesWebMvc.csproj", "{ADD47046-2128-478A-ADA8-0BE78F6F44A6}"
EndProject
Global
	GlobalSection(SolutionConfigurationPlatforms) = preSolution
		Debug|Any CPU = Debug|Any CPU
		Release|Any CPU = Release|Any CPU
	EndGlobalSection
	GlobalSection(ProjectConfigurationPlatforms) = postSolution
		{ADD47046-2128-478A-ADA8-0BE78F6F44A6}.Debug|Any CPU.ActiveCfg = Debug|Any CPU
		{ADD47046-2128-478A-ADA8-0BE78F6F44A6}.Debug|Any CPU.Build.0 = Debug|Any CPU
		{ADD47046-2128-478A-ADA8-0BE78F6F44A6}.Release|Any CPU.ActiveCfg = Release|Any CPU
		{ADD47046-2128-478A-ADA8-0BE78F6F44A6}.Release|Any CPU.Build.0 = Release|Any CPU
	EndGlobalSection
	GlobalSection(SolutionProperties) = preSolution
		HideSolutionNode = FALSE
	EndGlobalSection
	GlobalSection(ExtensibilityGlobals) = postSolution
		SolutionGuid = {9FE19CD1-0C18-4A18-ACF9-2AECD3ECDAC6}
	EndGlobalSection
EndGlobal
