
Microsoft Visual Studio Solution File, Format Version 12.00
# Visual Studio Version 17
VisualStudioVersion = 17.4.33213.308
MinimumVisualStudioVersion = 10.0.40219.1
Project("{FAE04EC0-301F-11D3-BF4B-00C04F79EFBC}") = "MinimalAPICatalogo", "MinimalAPICatalogo.csproj", "{CCFAE17D-BC1E-4C10-A598-519B9F99078D}"
EndProject
Global
	GlobalSection(SolutionConfigurationPlatforms) = preSolution
		Debug|Any CPU = Debug|Any CPU
		Release|Any CPU = Release|Any CPU
	EndGlobalSection
	GlobalSection(ProjectConfigurationPlatforms) = postSolution
		{CCFAE17D-BC1E-4C10-A598-519B9F99078D}.Debug|Any CPU.ActiveCfg = Debug|Any CPU
		{CCFAE17D-BC1E-4C10-A598-519B9F99078D}.Debug|Any CPU.Build.0 = Debug|Any CPU
		{CCFAE17D-BC1E-4C10-A598-519B9F99078D}.Release|Any CPU.ActiveCfg = Release|Any CPU
		{CCFAE17D-BC1E-4C10-A598-519B9F99078D}.Release|Any CPU.Build.0 = Release|Any CPU
	EndGlobalSection
	GlobalSection(SolutionProperties) = preSolution
		HideSolutionNode = FALSE
	EndGlobalSection
	GlobalSection(ExtensibilityGlobals) = postSolution
		SolutionGuid = {66D3741C-7D04-432F-B8C2-9E83C0EE8AC2}
	EndGlobalSection
EndGlobal
