
Microsoft Visual Studio Solution File, Format Version 12.00
# Visual Studio Version 17
VisualStudioVersion = 17.5.002.0
MinimumVisualStudioVersion = 10.0.40219.1
Project("{9A19103F-16F7-4668-BE54-9A1E7A4F7556}") = "TopicosPOOGeral", "TopicosPOOGeral.csproj", "{F431BE63-BD23-40BF-99BF-AFC5C4D292F4}"
EndProject
Global
	GlobalSection(SolutionConfigurationPlatforms) = preSolution
		Debug|Any CPU = Debug|Any CPU
		Release|Any CPU = Release|Any CPU
	EndGlobalSection
	GlobalSection(ProjectConfigurationPlatforms) = postSolution
		{F431BE63-BD23-40BF-99BF-AFC5C4D292F4}.Debug|Any CPU.ActiveCfg = Debug|Any CPU
		{F431BE63-BD23-40BF-99BF-AFC5C4D292F4}.Debug|Any CPU.Build.0 = Debug|Any CPU
		{F431BE63-BD23-40BF-99BF-AFC5C4D292F4}.Release|Any CPU.ActiveCfg = Release|Any CPU
		{F431BE63-BD23-40BF-99BF-AFC5C4D292F4}.Release|Any CPU.Build.0 = Release|Any CPU
	EndGlobalSection
	GlobalSection(SolutionProperties) = preSolution
		HideSolutionNode = FALSE
	EndGlobalSection
	GlobalSection(ExtensibilityGlobals) = postSolution
		SolutionGuid = {21D59DB4-B096-423E-9A31-99E63BED9F71}
	EndGlobalSection
EndGlobal
